# THIS IS AN AUTOGENERATED FILE. DO NOT EDIT THIS FILE DIRECTLY.
# yarn lockfile v1


react-slider@^1.0.1:
  version "1.0.1"
  resolved "https://registry.yarnpkg.com/react-slider/-/react-slider-1.0.1.tgz#4cb212d31c35d804805e31f02ce37771e95d5d45"
  integrity sha512-SI2anLzeKlFxnntoM93VXrf3ll9uL/TYjIJB6PsQVp4mDVt2VfWyGtMoUvK/ir/PnjuirNtF1pU3cG9XCezfBA==
